
Microsoft Visual Studio Solution File, Format Version 12.00
# Visual Studio Version 17
VisualStudioVersion = 17.0.31903.59
MinimumVisualStudioVersion = 10.0.40219.1
Project("{FAE04EC0-301F-11D3-BF4B-00C04F79EFBC}") = "HotelManagement.API", "HotelManagement.API\HotelManagement.API.csproj", "{8E0B25CF-2049-4AE1-870C-3093931E78F3}"
EndProject
Project("{FAE04EC0-301F-11D3-BF4B-00C04F79EFBC}") = "HotelManagement.Core", "HotelManagement.Core\HotelManagement.Core.csproj", "{E5F56E8F-E084-4418-8415-A839CD22C3E4}"
EndProject
Project("{FAE04EC0-301F-11D3-BF4B-00C04F79EFBC}") = "HotelManagement.Infrastructure", "HotelManagement.Infrastructure\HotelManagement.Infrastructure.csproj", "{27E87196-1F56-4093-A217-4AAE3F7BC81E}"
EndProject
Project("{FAE04EC0-301F-11D3-BF4B-00C04F79EFBC}") = "HotelManagement.Tests", "HotelManagement.Tests\HotelManagement.Tests.csproj", "{CA7BD039-99A9-486F-A5BE-0F97D63A1932}"
EndProject
Global
	GlobalSection(SolutionConfigurationPlatforms) = preSolution
		Debug|Any CPU = Debug|Any CPU
		Debug|x64 = Debug|x64
		Debug|x86 = Debug|x86
		Release|Any CPU = Release|Any CPU
		Release|x64 = Release|x64
		Release|x86 = Release|x86
	EndGlobalSection
	GlobalSection(ProjectConfigurationPlatforms) = postSolution
		{8E0B25CF-2049-4AE1-870C-3093931E78F3}.Debug|Any CPU.ActiveCfg = Debug|Any CPU
		{8E0B25CF-2049-4AE1-870C-3093931E78F3}.Debug|Any CPU.Build.0 = Debug|Any CPU
		{8E0B25CF-2049-4AE1-870C-3093931E78F3}.Debug|x64.ActiveCfg = Debug|Any CPU
		{8E0B25CF-2049-4AE1-870C-3093931E78F3}.Debug|x64.Build.0 = Debug|Any CPU
		{8E0B25CF-2049-4AE1-870C-3093931E78F3}.Debug|x86.ActiveCfg = Debug|Any CPU
		{8E0B25CF-2049-4AE1-870C-3093931E78F3}.Debug|x86.Build.0 = Debug|Any CPU
		{8E0B25CF-2049-4AE1-870C-3093931E78F3}.Release|Any CPU.ActiveCfg = Release|Any CPU
		{8E0B25CF-2049-4AE1-870C-3093931E78F3}.Release|Any CPU.Build.0 = Release|Any CPU
		{8E0B25CF-2049-4AE1-870C-3093931E78F3}.Release|x64.ActiveCfg = Release|Any CPU
		{8E0B25CF-2049-4AE1-870C-3093931E78F3}.Release|x64.Build.0 = Release|Any CPU
		{8E0B25CF-2049-4AE1-870C-3093931E78F3}.Release|x86.ActiveCfg = Release|Any CPU
		{8E0B25CF-2049-4AE1-870C-3093931E78F3}.Release|x86.Build.0 = Release|Any CPU
		{E5F56E8F-E084-4418-8415-A839CD22C3E4}.Debug|Any CPU.ActiveCfg = Debug|Any CPU
		{E5F56E8F-E084-4418-8415-A839CD22C3E4}.Debug|Any CPU.Build.0 = Debug|Any CPU
		{E5F56E8F-E084-4418-8415-A839CD22C3E4}.Debug|x64.ActiveCfg = Debug|Any CPU
		{E5F56E8F-E084-4418-8415-A839CD22C3E4}.Debug|x64.Build.0 = Debug|Any CPU
		{E5F56E8F-E084-4418-8415-A839CD22C3E4}.Debug|x86.ActiveCfg = Debug|Any CPU
		{E5F56E8F-E084-4418-8415-A839CD22C3E4}.Debug|x86.Build.0 = Debug|Any CPU
		{E5F56E8F-E084-4418-8415-A839CD22C3E4}.Release|Any CPU.ActiveCfg = Release|Any CPU
		{E5F56E8F-E084-4418-8415-A839CD22C3E4}.Release|Any CPU.Build.0 = Release|Any CPU
		{E5F56E8F-E084-4418-8415-A839CD22C3E4}.Release|x64.ActiveCfg = Release|Any CPU
		{E5F56E8F-E084-4418-8415-A839CD22C3E4}.Release|x64.Build.0 = Release|Any CPU
		{E5F56E8F-E084-4418-8415-A839CD22C3E4}.Release|x86.ActiveCfg = Release|Any CPU
		{E5F56E8F-E084-4418-8415-A839CD22C3E4}.Release|x86.Build.0 = Release|Any CPU
		{27E87196-1F56-4093-A217-4AAE3F7BC81E}.Debug|Any CPU.ActiveCfg = Debug|Any CPU
		{27E87196-1F56-4093-A217-4AAE3F7BC81E}.Debug|Any CPU.Build.0 = Debug|Any CPU
		{27E87196-1F56-4093-A217-4AAE3F7BC81E}.Debug|x64.ActiveCfg = Debug|Any CPU
		{27E87196-1F56-4093-A217-4AAE3F7BC81E}.Debug|x64.Build.0 = Debug|Any CPU
		{27E87196-1F56-4093-A217-4AAE3F7BC81E}.Debug|x86.ActiveCfg = Debug|Any CPU
		{27E87196-1F56-4093-A217-4AAE3F7BC81E}.Debug|x86.Build.0 = Debug|Any CPU
		{27E87196-1F56-4093-A217-4AAE3F7BC81E}.Release|Any CPU.ActiveCfg = Release|Any CPU
		{27E87196-1F56-4093-A217-4AAE3F7BC81E}.Release|Any CPU.Build.0 = Release|Any CPU
		{27E87196-1F56-4093-A217-4AAE3F7BC81E}.Release|x64.ActiveCfg = Release|Any CPU
		{27E87196-1F56-4093-A217-4AAE3F7BC81E}.Release|x64.Build.0 = Release|Any CPU
		{27E87196-1F56-4093-A217-4AAE3F7BC81E}.Release|x86.ActiveCfg = Release|Any CPU
		{27E87196-1F56-4093-A217-4AAE3F7BC81E}.Release|x86.Build.0 = Release|Any CPU
		{CA7BD039-99A9-486F-A5BE-0F97D63A1932}.Debug|Any CPU.ActiveCfg = Debug|Any CPU
		{CA7BD039-99A9-486F-A5BE-0F97D63A1932}.Debug|Any CPU.Build.0 = Debug|Any CPU
		{CA7BD039-99A9-486F-A5BE-0F97D63A1932}.Debug|x64.ActiveCfg = Debug|Any CPU
		{CA7BD039-99A9-486F-A5BE-0F97D63A1932}.Debug|x64.Build.0 = Debug|Any CPU
		{CA7BD039-99A9-486F-A5BE-0F97D63A1932}.Debug|x86.ActiveCfg = Debug|Any CPU
		{CA7BD039-99A9-486F-A5BE-0F97D63A1932}.Debug|x86.Build.0 = Debug|Any CPU
		{CA7BD039-99A9-486F-A5BE-0F97D63A1932}.Release|Any CPU.ActiveCfg = Release|Any CPU
		{CA7BD039-99A9-486F-A5BE-0F97D63A1932}.Release|Any CPU.Build.0 = Release|Any CPU
		{CA7BD039-99A9-486F-A5BE-0F97D63A1932}.Release|x64.ActiveCfg = Release|Any CPU
		{CA7BD039-99A9-486F-A5BE-0F97D63A1932}.Release|x64.Build.0 = Release|Any CPU
		{CA7BD039-99A9-486F-A5BE-0F97D63A1932}.Release|x86.ActiveCfg = Release|Any CPU
		{CA7BD039-99A9-486F-A5BE-0F97D63A1932}.Release|x86.Build.0 = Release|Any CPU
	EndGlobalSection
	GlobalSection(SolutionProperties) = preSolution
		HideSolutionNode = FALSE
	EndGlobalSection
EndGlobal
